
Microsoft Visual Studio Solution File, Format Version 12.00
# Visual Studio 15
VisualStudioVersion = 15.0.27130.2027
MinimumVisualStudioVersion = 10.0.40219.1
Project("{9A19103F-16F7-4668-BE54-9A1E7A4F7556}") = "InsertTestData", "InsertTestData.csproj", "{8731CC33-339E-4CEB-BA86-01AB9CE993C7}"
EndProject
Global
	GlobalSection(SolutionConfigurationPlatforms) = preSolution
		Debug|Any CPU = Debug|Any CPU
		Release|Any CPU = Release|Any CPU
	EndGlobalSection
	GlobalSection(ProjectConfigurationPlatforms) = postSolution
		{8731CC33-339E-4CEB-BA86-01AB9CE993C7}.Debug|Any CPU.ActiveCfg = Debug|Any CPU
		{8731CC33-339E-4CEB-BA86-01AB9CE993C7}.Debug|Any CPU.Build.0 = Debug|Any CPU
		{8731CC33-339E-4CEB-BA86-01AB9CE993C7}.Release|Any CPU.ActiveCfg = Release|Any CPU
		{8731CC33-339E-4CEB-BA86-01AB9CE993C7}.Release|Any CPU.Build.0 = Release|Any CPU
	EndGlobalSection
	GlobalSection(SolutionProperties) = preSolution
		HideSolutionNode = FALSE
	EndGlobalSection
	GlobalSection(ExtensibilityGlobals) = postSolution
		SolutionGuid = {01F64F8B-1397-40EE-BD6E-FBBA71A1C29D}
	EndGlobalSection
EndGlobal
